{
  "name": "project-sales-crm",
  "version": "1.0.0",
  "lockfileVersion": 3,
  "requires": true,
  "packages": {
    "": {
      "name": "project-sales-crm",
      "version": "1.0.0",
      "license": "ISC",
      "dependencies": {
        "@prisma/client": "^5.22.0",
        "bcrypt": "^6.0.0",
        "dotenv": "^17.3.1",
        "iii-sdk": "^0.8.3",
        "jsonwebtoken": "^9.0.3",
        "motia": "^1.0.3-rc.1",
        "zod": "^4.3.6"
      },
      "devDependencies": {
        "@types/bcrypt": "^6.0.0",
        "@types/jsonwebtoken": "^9.0.10",
        "@types/node": "^20.19.35",
        "prisma": "^5.22.0",
        "ts-node": "^10.9.2",
        "typescript": "^5.9.3"
      }
    },
    "node_modules/@cspotcode/source-map-support": {
      "version": "0.8.1",
      "dev": true,
      "license": "MIT",
      "dependencies": {
        "@jridgewell/trace-mapping": "0.3.9"
      },
      "engines": {
        "node": ">=12"
      }
    },
    "node_modules/@esbuild/aix-ppc64": {
      "version": "0.27.4",
      "resolved": "https://registry.npmjs.org/@esbuild/aix-ppc64/-/aix-ppc64-0.27.4.tgz",
      "integrity": "sha512-cQPwL2mp2nSmHHJlCyoXgHGhbEPMrEEU5xhkcy3Hs/O7nGZqEpZ2sUtLaL9MORLtDfRvVl2/3PAuEkYZH0Ty8Q==",
      "cpu": [
        "ppc64"
      ],
      "license": "MIT",
      "optional": true,
      "os": [
        "aix"
      ],
      "engines": {
        "node": ">=18"
      }
    },
    "node_modules/@esbuild/android-arm": {
      "version": "0.27.4",
      "resolved": "https://registry.npmjs.org/@esbuild/android-arm/-/android-arm-0.27.4.tgz",
      "integrity": "sha512-X9bUgvxiC8CHAGKYufLIHGXPJWnr0OCdR0anD2e21vdvgCI8lIfqFbnoeOz7lBjdrAGUhqLZLcQo6MLhTO2DKQ==",
      "cpu": [
        "arm"
      ],
      "license": "MIT",
      "optional": true,
      "os": [
        "android"
      ],
      "engines": {
        "node": ">=18"
      }
    },
    "node_modules/@esbuild/android-arm64": {
      "version": "0.27.4",
      "resolved": "https://registry.npmjs.org/@esbuild/android-arm64/-/android-arm64-0.27.4.tgz",
      "integrity": "sha512-gdLscB7v75wRfu7QSm/zg6Rx29VLdy9eTr2t44sfTW7CxwAtQghZ4ZnqHk3/ogz7xao0QAgrkradbBzcqFPasw==",
      "cpu": [
        "arm64"
      ],
      "license": "MIT",
      "optional": true,
      "os": [
        "android"
      ],
      "engines": {
        "node": ">=18"
      }
    },
    "node_modules/@esbuild/android-x64": {
      "version": "0.27.4",
      "resolved": "https://registry.npmjs.org/@esbuild/android-x64/-/android-x64-0.27.4.tgz",
      "integrity": "sha512-PzPFnBNVF292sfpfhiyiXCGSn9HZg5BcAz+ivBuSsl6Rk4ga1oEXAamhOXRFyMcjwr2DVtm40G65N3GLeH1Lvw==",
      "cpu": [
        "x64"
      ],
      "license": "MIT",
      "optional": true,
      "os": [
        "android"
      ],
      "engines": {
        "node": ">=18"
      }
    },
    "node_modules/@esbuild/darwin-arm64": {
      "version": "0.27.4",
      "resolved": "https://registry.npmjs.org/@esbuild/darwin-arm64/-/darwin-arm64-0.27.4.tgz",
      "integrity": "sha512-b7xaGIwdJlht8ZFCvMkpDN6uiSmnxxK56N2GDTMYPr2/gzvfdQN8rTfBsvVKmIVY/X7EM+/hJKEIbbHs9oA4tQ==",
      "cpu": [
        "arm64"
      ],
      "license": "MIT",
      "optional": true,
      "os": [
        "darwin"
      ],
      "engines": {
        "node": ">=18"
      }
    },
    "node_modules/@esbuild/darwin-x64": {
      "version": "0.27.4",
      "resolved": "https://registry.npmjs.org/@esbuild/darwin-x64/-/darwin-x64-0.27.4.tgz",
      "integrity": "sha512-sR+OiKLwd15nmCdqpXMnuJ9W2kpy0KigzqScqHI3Hqwr7IXxBp3Yva+yJwoqh7rE8V77tdoheRYataNKL4QrPw==",
      "cpu": [
        "x64"
      ],
      "license": "MIT",
      "optional": true,
      "os": [
        "darwin"
      ],
      "engines": {
        "node": ">=18"
      }
    },
    "node_modules/@esbuild/freebsd-arm64": {
      "version": "0.27.4",
      "resolved": "https://registry.npmjs.org/@esbuild/freebsd-arm64/-/freebsd-arm64-0.27.4.tgz",
      "integrity": "sha512-jnfpKe+p79tCnm4GVav68A7tUFeKQwQyLgESwEAUzyxk/TJr4QdGog9sqWNcUbr/bZt/O/HXouspuQDd9JxFSw==",
      "cpu": [
        "arm64"
      ],
      "license": "MIT",
      "optional": true,
      "os": [
        "freebsd"
      ],
      "engines": {
        "node": ">=18"
      }
    },
    "node_modules/@esbuild/freebsd-x64": {
      "version": "0.27.4",
      "resolved": "https://registry.npmjs.org/@esbuild/freebsd-x64/-/freebsd-x64-0.27.4.tgz",
      "integrity": "sha512-2kb4ceA/CpfUrIcTUl1wrP/9ad9Atrp5J94Lq69w7UwOMolPIGrfLSvAKJp0RTvkPPyn6CIWrNy13kyLikZRZQ==",
      "cpu": [
        "x64"
      ],
      "license": "MIT",
      "optional": true,
      "os": [
        "freebsd"
      ],
      "engines": {
        "node": ">=18"
      }
    },
    "node_modules/@esbuild/linux-arm": {
      "version": "0.27.4",
      "resolved": "https://registry.npmjs.org/@esbuild/linux-arm/-/linux-arm-0.27.4.tgz",
      "integrity": "sha512-aBYgcIxX/wd5n2ys0yESGeYMGF+pv6g0DhZr3G1ZG4jMfruU9Tl1i2Z+Wnj9/KjGz1lTLCcorqE2viePZqj4Eg==",
      "cpu": [
        "arm"
      ],
      "license": "MIT",
      "optional": true,
      "os": [
        "linux"
      ],
      "engines": {
        "node": ">=18"
      }
    },
    "node_modules/@esbuild/linux-arm64": {
      "version": "0.27.4",
      "resolved": "https://registry.npmjs.org/@esbuild/linux-arm64/-/linux-arm64-0.27.4.tgz",
      "integrity": "sha512-7nQOttdzVGth1iz57kxg9uCz57dxQLHWxopL6mYuYthohPKEK0vU0C3O21CcBK6KDlkYVcnDXY099HcCDXd9dA==",
      "cpu": [
        "arm64"
      ],
      "license": "MIT",
      "optional": true,
      "os": [
        "linux"
      ],
      "engines": {
        "node": ">=18"
      }
    },
    "node_modules/@esbuild/linux-ia32": {
      "version": "0.27.4",
      "resolved": "https://registry.npmjs.org/@esbuild/linux-ia32/-/linux-ia32-0.27.4.tgz",
      "integrity": "sha512-oPtixtAIzgvzYcKBQM/qZ3R+9TEUd1aNJQu0HhGyqtx6oS7qTpvjheIWBbes4+qu1bNlo2V4cbkISr8q6gRBFA==",
      "cpu": [
        "ia32"
      ],
      "license": "MIT",
      "optional": true,
      "os": [
        "linux"
      ],
      "engines": {
        "node": ">=18"
      }
    },
    "node_modules/@esbuild/linux-loong64": {
      "version": "0.27.4",
      "resolved": "https://registry.npmjs.org/@esbuild/linux-loong64/-/linux-loong64-0.27.4.tgz",
      "integrity": "sha512-8mL/vh8qeCoRcFH2nM8wm5uJP+ZcVYGGayMavi8GmRJjuI3g1v6Z7Ni0JJKAJW+m0EtUuARb6Lmp4hMjzCBWzA==",
      "cpu": [
        "loong64"
      ],
      "license": "MIT",
      "optional": true,
      "os": [
        "linux"
      ],
      "engines": {
        "node": ">=18"
      }
    },
    "node_modules/@esbuild/linux-mips64el": {
      "version": "0.27.4",
      "resolved": "https://registry.npmjs.org/@esbuild/linux-mips64el/-/linux-mips64el-0.27.4.tgz",
      "integrity": "sha512-1RdrWFFiiLIW7LQq9Q2NES+HiD4NyT8Itj9AUeCl0IVCA459WnPhREKgwrpaIfTOe+/2rdntisegiPWn/r/aAw==",
      "cpu": [
        "mips64el"
      ],
      "license": "MIT",
      "optional": true,
      "os": [
        "linux"
      ],
      "engines": {
        "node": ">=18"
      }
    },
    "node_modules/@esbuild/linux-ppc64": {
      "version": "0.27.4",
      "resolved": "https://registry.npmjs.org/@esbuild/linux-ppc64/-/linux-ppc64-0.27.4.tgz",
      "integrity": "sha512-tLCwNG47l3sd9lpfyx9LAGEGItCUeRCWeAx6x2Jmbav65nAwoPXfewtAdtbtit/pJFLUWOhpv0FpS6GQAmPrHA==",
      "cpu": [
        "ppc64"
      ],
      "license": "MIT",
      "optional": true,
      "os": [
        "linux"
      ],
      "engines": {
        "node": ">=18"
      }
    },
    "node_modules/@esbuild/linux-riscv64": {
      "version": "0.27.4",
      "resolved": "https://registry.npmjs.org/@esbuild/linux-riscv64/-/linux-riscv64-0.27.4.tgz",
      "integrity": "sha512-BnASypppbUWyqjd1KIpU4AUBiIhVr6YlHx/cnPgqEkNoVOhHg+YiSVxM1RLfiy4t9cAulbRGTNCKOcqHrEQLIw==",
      "cpu": [
        "riscv64"
      ],
      "license": "MIT",
      "optional": true,
      "os": [
        "linux"
      ],
      "engines": {
        "node": ">=18"
      }
    },
    "node_modules/@esbuild/linux-s390x": {
      "version": "0.27.4",
      "resolved": "https://registry.npmjs.org/@esbuild/linux-s390x/-/linux-s390x-0.27.4.tgz",
      "integrity": "sha512-+eUqgb/Z7vxVLezG8bVB9SfBie89gMueS+I0xYh2tJdw3vqA/0ImZJ2ROeWwVJN59ihBeZ7Tu92dF/5dy5FttA==",
      "cpu": [
        "s390x"
      ],
      "license": "MIT",
      "optional": true,
      "os": [
        "linux"
      ],
      "engines": {
        "node": ">=18"
      }
    },
    "node_modules/@esbuild/linux-x64": {
      "version": "0.27.4",
      "cpu": [
        "x64"
      ],
      "license": "MIT",
      "optional": true,
      "os": [
        "linux"
      ],
      "engines": {
        "node": ">=18"
      }
    },
    "node_modules/@esbuild/netbsd-arm64": {
      "version": "0.27.4",
      "resolved": "https://registry.npmjs.org/@esbuild/netbsd-arm64/-/netbsd-arm64-0.27.4.tgz",
      "integrity": "sha512-xHT8X4sb0GS8qTqiwzHqpY00C95DPAq7nAwX35Ie/s+LO9830hrMd3oX0ZMKLvy7vsonee73x0lmcdOVXFzd6Q==",
      "cpu": [
        "arm64"
      ],
      "license": "MIT",
      "optional": true,
      "os": [
        "netbsd"
      ],
      "engines": {
        "node": ">=18"
      }
    },
    "node_modules/@esbuild/netbsd-x64": {
      "version": "0.27.4",
      "resolved": "https://registry.npmjs.org/@esbuild/netbsd-x64/-/netbsd-x64-0.27.4.tgz",
      "integrity": "sha512-RugOvOdXfdyi5Tyv40kgQnI0byv66BFgAqjdgtAKqHoZTbTF2QqfQrFwa7cHEORJf6X2ht+l9ABLMP0dnKYsgg==",
      "cpu": [
        "x64"
      ],
      "license": "MIT",
      "optional": true,
      "os": [
        "netbsd"
      ],
      "engines": {
        "node": ">=18"
      }
    },
    "node_modules/@esbuild/openbsd-arm64": {
      "version": "0.27.4",
      "resolved": "https://registry.npmjs.org/@esbuild/openbsd-arm64/-/openbsd-arm64-0.27.4.tgz",
      "integrity": "sha512-2MyL3IAaTX+1/qP0O1SwskwcwCoOI4kV2IBX1xYnDDqthmq5ArrW94qSIKCAuRraMgPOmG0RDTA74mzYNQA9ow==",
      "cpu": [
        "arm64"
      ],
      "license": "MIT",
      "optional": true,
      "os": [
        "openbsd"
      ],
      "engines": {
        "node": ">=18"
      }
    },
    "node_modules/@esbuild/openbsd-x64": {
      "version": "0.27.4",
      "resolved": "https://registry.npmjs.org/@esbuild/openbsd-x64/-/openbsd-x64-0.27.4.tgz",
      "integrity": "sha512-u8fg/jQ5aQDfsnIV6+KwLOf1CmJnfu1ShpwqdwC0uA7ZPwFws55Ngc12vBdeUdnuWoQYx/SOQLGDcdlfXhYmXQ==",
      "cpu": [
        "x64"
      ],
      "license": "MIT",
      "optional": true,
      "os": [
        "openbsd"
      ],
      "engines": {
        "node": ">=18"
      }
    },
    "node_modules/@esbuild/openharmony-arm64": {
      "version": "0.27.4",
      "resolved": "https://registry.npmjs.org/@esbuild/openharmony-arm64/-/openharmony-arm64-0.27.4.tgz",
      "integrity": "sha512-JkTZrl6VbyO8lDQO3yv26nNr2RM2yZzNrNHEsj9bm6dOwwu9OYN28CjzZkH57bh4w0I2F7IodpQvUAEd1mbWXg==",
      "cpu": [
        "arm64"
      ],
      "license": "MIT",
      "optional": true,
      "os": [
        "openharmony"
      ],
      "engines": {
        "node": ">=18"
      }
    },
    "node_modules/@esbuild/sunos-x64": {
      "version": "0.27.4",
      "resolved": "https://registry.npmjs.org/@esbuild/sunos-x64/-/sunos-x64-0.27.4.tgz",
      "integrity": "sha512-/gOzgaewZJfeJTlsWhvUEmUG4tWEY2Spp5M20INYRg2ZKl9QPO3QEEgPeRtLjEWSW8FilRNacPOg8R1uaYkA6g==",
      "cpu": [
        "x64"
      ],
      "license": "MIT",
      "optional": true,
      "os": [
        "sunos"
      ],
      "engines": {
        "node": ">=18"
      }
    },
    "node_modules/@esbuild/win32-arm64": {
      "version": "0.27.4",
      "resolved": "https://registry.npmjs.org/@esbuild/win32-arm64/-/win32-arm64-0.27.4.tgz",
      "integrity": "sha512-Z9SExBg2y32smoDQdf1HRwHRt6vAHLXcxD2uGgO/v2jK7Y718Ix4ndsbNMU/+1Qiem9OiOdaqitioZwxivhXYg==",
      "cpu": [
        "arm64"
      ],
      "license": "MIT",
      "optional": true,
      "os": [
        "win32"
      ],
      "engines": {
        "node": ">=18"
      }
    },
    "node_modules/@esbuild/win32-ia32": {
      "version": "0.27.4",
      "resolved": "https://registry.npmjs.org/@esbuild/win32-ia32/-/win32-ia32-0.27.4.tgz",
      "integrity": "sha512-DAyGLS0Jz5G5iixEbMHi5KdiApqHBWMGzTtMiJ72ZOLhbu/bzxgAe8Ue8CTS3n3HbIUHQz/L51yMdGMeoxXNJw==",
      "cpu": [
        "ia32"
      ],
      "license": "MIT",
      "optional": true,
      "os": [
        "win32"
      ],
      "engines": {
        "node": ">=18"
      }
    },
    "node_modules/@esbuild/win32-x64": {
      "version": "0.27.4",
      "resolved": "https://registry.npmjs.org/@esbuild/win32-x64/-/win32-x64-0.27.4.tgz",
      "integrity": "sha512-+knoa0BDoeXgkNvvV1vvbZX4+hizelrkwmGJBdT17t8FNPwG2lKemmuMZlmaNQ3ws3DKKCxpb4zRZEIp3UxFCg==",
      "cpu": [
        "x64"
      ],
      "license": "MIT",
      "optional": true,
      "os": [
        "win32"
      ],
      "engines": {
        "node": ">=18"
      }
    },
    "node_modules/@jridgewell/resolve-uri": {
      "version": "3.1.2",
      "dev": true,
      "license": "MIT",
      "engines": {
        "node": ">=6.0.0"
      }
    },
    "node_modules/@jridgewell/sourcemap-codec": {
      "version": "1.5.5",
      "dev": true,
      "license": "MIT"
    },
    "node_modules/@jridgewell/trace-mapping": {
      "version": "0.3.9",
      "dev": true,
      "license": "MIT",
      "dependencies": {
        "@jridgewell/resolve-uri": "^3.0.3",
        "@jridgewell/sourcemap-codec": "^1.4.10"
      }
    },
    "node_modules/@opentelemetry/api": {
      "version": "1.9.1",
      "resolved": "https://registry.npmjs.org/@opentelemetry/api/-/api-1.9.1.tgz",
      "integrity": "sha512-gLyJlPHPZYdAk1JENA9LeHejZe1Ti77/pTeFm/nMXmQH/HFZlcS/O2XJB+L8fkbrNSqhdtlvjBVjxwUYanNH5Q==",
      "license": "Apache-2.0",
      "engines": {
        "node": ">=8.0.0"
      }
    },
    "node_modules/@opentelemetry/api-logs": {
      "version": "0.57.2",
      "license": "Apache-2.0",
      "dependencies": {
        "@opentelemetry/api": "^1.3.0"
      },
      "engines": {
        "node": ">=14"
      }
    },
    "node_modules/@opentelemetry/context-async-hooks": {
      "version": "1.30.1",
      "license": "Apache-2.0",
      "engines": {
        "node": ">=14"
      },
      "peerDependencies": {
        "@opentelemetry/api": ">=1.0.0 <1.10.0"
      }
    },
    "node_modules/@opentelemetry/instrumentation": {
      "version": "0.57.2",
      "license": "Apache-2.0",
      "dependencies": {
        "@opentelemetry/api-logs": "0.57.2",
        "@types/shimmer": "^1.2.0",
        "import-in-the-middle": "^1.8.1",
        "require-in-the-middle": "^7.1.1",
        "semver": "^7.5.2",
        "shimmer": "^1.2.1"
      },
      "engines": {
        "node": ">=14"
      },
      "peerDependencies": {
        "@opentelemetry/api": "^1.3.0"
      }
    },
    "node_modules/@opentelemetry/otlp-transformer": {
      "version": "0.57.2",
      "license": "Apache-2.0",
      "dependencies": {
        "@opentelemetry/api-logs": "0.57.2",
        "@opentelemetry/core": "1.30.1",
        "@opentelemetry/resources": "1.30.1",
        "@opentelemetry/sdk-logs": "0.57.2",
        "@opentelemetry/sdk-metrics": "1.30.1",
        "@opentelemetry/sdk-trace-base": "1.30.1",
        "protobufjs": "^7.3.0"
      },
      "engines": {
        "node": ">=14"
      },
      "peerDependencies": {
        "@opentelemetry/api": "^1.3.0"
      }
    },
    "node_modules/@opentelemetry/otlp-transformer/node_modules/@opentelemetry/core": {
      "version": "1.30.1",
      "resolved": "https://registry.npmjs.org/@opentelemetry/core/-/core-1.30.1.tgz",
      "integrity": "sha512-OOCM2C/QIURhJMuKaekP3TRBxBKxG/TWWA0TL2J6nXUtDnuCtccy49LUJF8xPFXMX+0LMcxFpCo8M9cGY1W6rQ==",
      "license": "Apache-2.0",
      "dependencies": {
        "@opentelemetry/semantic-conventions": "1.28.0"
      },
      "engines": {
        "node": ">=14"
      },
      "peerDependencies": {
        "@opentelemetry/api": ">=1.0.0 <1.10.0"
      }
    },
    "node_modules/@opentelemetry/otlp-transformer/node_modules/@opentelemetry/resources": {
      "version": "1.30.1",
      "resolved": "https://registry.npmjs.org/@opentelemetry/resources/-/resources-1.30.1.tgz",
      "integrity": "sha512-5UxZqiAgLYGFjS4s9qm5mBVo433u+dSPUFWVWXmLAD4wB65oMCoXaJP1KJa9DIYYMeHu3z4BZcStG3LC593cWA==",
      "license": "Apache-2.0",
      "dependencies": {
        "@opentelemetry/core": "1.30.1",
        "@opentelemetry/semantic-conventions": "1.28.0"
      },
      "engines": {
        "node": ">=14"
      },
      "peerDependencies": {
        "@opentelemetry/api": ">=1.0.0 <1.10.0"
      }
    },
    "node_modules/@opentelemetry/otlp-transformer/node_modules/@opentelemetry/sdk-metrics": {
      "version": "1.30.1",
      "resolved": "https://registry.npmjs.org/@opentelemetry/sdk-metrics/-/sdk-metrics-1.30.1.tgz",
      "integrity": "sha512-q9zcZ0Okl8jRgmy7eNW3Ku1XSgg3sDLa5evHZpCwjspw7E8Is4K/haRPDJrBcX3YSn/Y7gUvFnByNYEKQNbNog==",
      "license": "Apache-2.0",
      "dependencies": {
        "@opentelemetry/core": "1.30.1",
        "@opentelemetry/resources": "1.30.1"
      },
      "engines": {
        "node": ">=14"
      },
      "peerDependencies": {
        "@opentelemetry/api": ">=1.3.0 <1.10.0"
      }
    },
    "node_modules/@opentelemetry/otlp-transformer/node_modules/@opentelemetry/semantic-conventions": {
      "version": "1.28.0",
      "resolved": "https://registry.npmjs.org/@opentelemetry/semantic-conventions/-/semantic-conventions-1.28.0.tgz",
      "integrity": "sha512-lp4qAiMTD4sNWW4DbKLBkfiMZ4jbAboJIGOQr5DvciMRI494OapieI9qiODpOt0XBr1LjIDy1xAGAnVs5supTA==",
      "license": "Apache-2.0",
      "engines": {
        "node": ">=14"
      }
    },
    "node_modules/@opentelemetry/propagator-b3": {
      "version": "1.30.1",
      "license": "Apache-2.0",
      "dependencies": {
        "@opentelemetry/core": "1.30.1"
      },
      "engines": {
        "node": ">=14"
      },
      "peerDependencies": {
        "@opentelemetry/api": ">=1.0.0 <1.10.0"
      }
    },
    "node_modules/@opentelemetry/propagator-b3/node_modules/@opentelemetry/core": {
      "version": "1.30.1",
      "resolved": "https://registry.npmjs.org/@opentelemetry/core/-/core-1.30.1.tgz",
      "integrity": "sha512-OOCM2C/QIURhJMuKaekP3TRBxBKxG/TWWA0TL2J6nXUtDnuCtccy49LUJF8xPFXMX+0LMcxFpCo8M9cGY1W6rQ==",
      "license": "Apache-2.0",
      "dependencies": {
        "@opentelemetry/semantic-conventions": "1.28.0"
      },
      "engines": {
        "node": ">=14"
      },
      "peerDependencies": {
        "@opentelemetry/api": ">=1.0.0 <1.10.0"
      }
    },
    "node_modules/@opentelemetry/propagator-b3/node_modules/@opentelemetry/semantic-conventions": {
      "version": "1.28.0",
      "resolved": "https://registry.npmjs.org/@opentelemetry/semantic-conventions/-/semantic-conventions-1.28.0.tgz",
      "integrity": "sha512-lp4qAiMTD4sNWW4DbKLBkfiMZ4jbAboJIGOQr5DvciMRI494OapieI9qiODpOt0XBr1LjIDy1xAGAnVs5supTA==",
      "license": "Apache-2.0",
      "engines": {
        "node": ">=14"
      }
    },
    "node_modules/@opentelemetry/propagator-jaeger": {
      "version": "1.30.1",
      "license": "Apache-2.0",
      "dependencies": {
        "@opentelemetry/core": "1.30.1"
      },
      "engines": {
        "node": ">=14"
      },
      "peerDependencies": {
        "@opentelemetry/api": ">=1.0.0 <1.10.0"
      }
    },
    "node_modules/@opentelemetry/propagator-jaeger/node_modules/@opentelemetry/core": {
      "version": "1.30.1",
      "resolved": "https://registry.npmjs.org/@opentelemetry/core/-/core-1.30.1.tgz",
      "integrity": "sha512-OOCM2C/QIURhJMuKaekP3TRBxBKxG/TWWA0TL2J6nXUtDnuCtccy49LUJF8xPFXMX+0LMcxFpCo8M9cGY1W6rQ==",
      "license": "Apache-2.0",
      "dependencies": {
        "@opentelemetry/semantic-conventions": "1.28.0"
      },
      "engines": {
        "node": ">=14"
      },
      "peerDependencies": {
        "@opentelemetry/api": ">=1.0.0 <1.10.0"
      }
    },
    "node_modules/@opentelemetry/propagator-jaeger/node_modules/@opentelemetry/semantic-conventions": {
      "version": "1.28.0",
      "resolved": "https://registry.npmjs.org/@opentelemetry/semantic-conventions/-/semantic-conventions-1.28.0.tgz",
      "integrity": "sha512-lp4qAiMTD4sNWW4DbKLBkfiMZ4jbAboJIGOQr5DvciMRI494OapieI9qiODpOt0XBr1LjIDy1xAGAnVs5supTA==",
      "license": "Apache-2.0",
      "engines": {
        "node": ">=14"
      }
    },
    "node_modules/@opentelemetry/sdk-logs": {
      "version": "0.57.2",
      "license": "Apache-2.0",
      "dependencies": {
        "@opentelemetry/api-logs": "0.57.2",
        "@opentelemetry/core": "1.30.1",
        "@opentelemetry/resources": "1.30.1"
      },
      "engines": {
        "node": ">=14"
      },
      "peerDependencies": {
        "@opentelemetry/api": ">=1.4.0 <1.10.0"
      }
    },
    "node_modules/@opentelemetry/sdk-logs/node_modules/@opentelemetry/core": {
      "version": "1.30.1",
      "resolved": "https://registry.npmjs.org/@opentelemetry/core/-/core-1.30.1.tgz",
      "integrity": "sha512-OOCM2C/QIURhJMuKaekP3TRBxBKxG/TWWA0TL2J6nXUtDnuCtccy49LUJF8xPFXMX+0LMcxFpCo8M9cGY1W6rQ==",
      "license": "Apache-2.0",
      "dependencies": {
        "@opentelemetry/semantic-conventions": "1.28.0"
      },
      "engines": {
        "node": ">=14"
      },
      "peerDependencies": {
        "@opentelemetry/api": ">=1.0.0 <1.10.0"
      }
    },
    "node_modules/@opentelemetry/sdk-logs/node_modules/@opentelemetry/resources": {
      "version": "1.30.1",
      "resolved": "https://registry.npmjs.org/@opentelemetry/resources/-/resources-1.30.1.tgz",
      "integrity": "sha512-5UxZqiAgLYGFjS4s9qm5mBVo433u+dSPUFWVWXmLAD4wB65oMCoXaJP1KJa9DIYYMeHu3z4BZcStG3LC593cWA==",
      "license": "Apache-2.0",
      "dependencies": {
        "@opentelemetry/core": "1.30.1",
        "@opentelemetry/semantic-conventions": "1.28.0"
      },
      "engines": {
        "node": ">=14"
      },
      "peerDependencies": {
        "@opentelemetry/api": ">=1.0.0 <1.10.0"
      }
    },
    "node_modules/@opentelemetry/sdk-logs/node_modules/@opentelemetry/semantic-conventions": {
      "version": "1.28.0",
      "resolved": "https://registry.npmjs.org/@opentelemetry/semantic-conventions/-/semantic-conventions-1.28.0.tgz",
      "integrity": "sha512-lp4qAiMTD4sNWW4DbKLBkfiMZ4jbAboJIGOQr5DvciMRI494OapieI9qiODpOt0XBr1LjIDy1xAGAnVs5supTA==",
      "license": "Apache-2.0",
      "engines": {
        "node": ">=14"
      }
    },
    "node_modules/@opentelemetry/sdk-trace-base": {
      "version": "1.30.1",
      "license": "Apache-2.0",
      "dependencies": {
        "@opentelemetry/core": "1.30.1",
        "@opentelemetry/resources": "1.30.1",
        "@opentelemetry/semantic-conventions": "1.28.0"
      },
      "engines": {
        "node": ">=14"
      },
      "peerDependencies": {
        "@opentelemetry/api": ">=1.0.0 <1.10.0"
      }
    },
    "node_modules/@opentelemetry/sdk-trace-base/node_modules/@opentelemetry/core": {
      "version": "1.30.1",
      "resolved": "https://registry.npmjs.org/@opentelemetry/core/-/core-1.30.1.tgz",
      "integrity": "sha512-OOCM2C/QIURhJMuKaekP3TRBxBKxG/TWWA0TL2J6nXUtDnuCtccy49LUJF8xPFXMX+0LMcxFpCo8M9cGY1W6rQ==",
      "license": "Apache-2.0",
      "dependencies": {
        "@opentelemetry/semantic-conventions": "1.28.0"
      },
      "engines": {
        "node": ">=14"
      },
      "peerDependencies": {
        "@opentelemetry/api": ">=1.0.0 <1.10.0"
      }
    },
    "node_modules/@opentelemetry/sdk-trace-base/node_modules/@opentelemetry/resources": {
      "version": "1.30.1",
      "resolved": "https://registry.npmjs.org/@opentelemetry/resources/-/resources-1.30.1.tgz",
      "integrity": "sha512-5UxZqiAgLYGFjS4s9qm5mBVo433u+dSPUFWVWXmLAD4wB65oMCoXaJP1KJa9DIYYMeHu3z4BZcStG3LC593cWA==",
      "license": "Apache-2.0",
      "dependencies": {
        "@opentelemetry/core": "1.30.1",
        "@opentelemetry/semantic-conventions": "1.28.0"
      },
      "engines": {
        "node": ">=14"
      },
      "peerDependencies": {
        "@opentelemetry/api": ">=1.0.0 <1.10.0"
      }
    },
    "node_modules/@opentelemetry/sdk-trace-base/node_modules/@opentelemetry/semantic-conventions": {
      "version": "1.28.0",
      "license": "Apache-2.0",
      "engines": {
        "node": ">=14"
      }
    },
    "node_modules/@opentelemetry/sdk-trace-node": {
      "version": "1.30.1",
      "license": "Apache-2.0",
      "dependencies": {
        "@opentelemetry/context-async-hooks": "1.30.1",
        "@opentelemetry/core": "1.30.1",
        "@opentelemetry/propagator-b3": "1.30.1",
        "@opentelemetry/propagator-jaeger": "1.30.1",
        "@opentelemetry/sdk-trace-base": "1.30.1",
        "semver": "^7.5.2"
      },
      "engines": {
        "node": ">=14"
      },
      "peerDependencies": {
        "@opentelemetry/api": ">=1.0.0 <1.10.0"
      }
    },
    "node_modules/@opentelemetry/sdk-trace-node/node_modules/@opentelemetry/core": {
      "version": "1.30.1",
      "resolved": "https://registry.npmjs.org/@opentelemetry/core/-/core-1.30.1.tgz",
      "integrity": "sha512-OOCM2C/QIURhJMuKaekP3TRBxBKxG/TWWA0TL2J6nXUtDnuCtccy49LUJF8xPFXMX+0LMcxFpCo8M9cGY1W6rQ==",
      "license": "Apache-2.0",
      "dependencies": {
        "@opentelemetry/semantic-conventions": "1.28.0"
      },
      "engines": {
        "node": ">=14"
      },
      "peerDependencies": {
        "@opentelemetry/api": ">=1.0.0 <1.10.0"
      }
    },
    "node_modules/@opentelemetry/sdk-trace-node/node_modules/@opentelemetry/semantic-conventions": {
      "version": "1.28.0",
      "resolved": "https://registry.npmjs.org/@opentelemetry/semantic-conventions/-/semantic-conventions-1.28.0.tgz",
      "integrity": "sha512-lp4qAiMTD4sNWW4DbKLBkfiMZ4jbAboJIGOQr5DvciMRI494OapieI9qiODpOt0XBr1LjIDy1xAGAnVs5supTA==",
      "license": "Apache-2.0",
      "engines": {
        "node": ">=14"
      }
    },
    "node_modules/@prisma/client": {
      "version": "5.22.0",
      "hasInstallScript": true,
      "license": "Apache-2.0",
      "engines": {
        "node": ">=16.13"
      },
      "peerDependencies": {
        "prisma": "*"
      },
      "peerDependenciesMeta": {
        "prisma": {
          "optional": true
        }
      }
    },
    "node_modules/@prisma/debug": {
      "version": "5.22.0",
      "devOptional": true,
      "license": "Apache-2.0"
    },
    "node_modules/@prisma/engines": {
      "version": "5.22.0",
      "devOptional": true,
      "hasInstallScript": true,
      "license": "Apache-2.0",
      "dependencies": {
        "@prisma/debug": "5.22.0",
        "@prisma/engines-version": "5.22.0-44.605197351a3c8bdd595af2d2a9bc3025bca48ea2",
        "@prisma/fetch-engine": "5.22.0",
        "@prisma/get-platform": "5.22.0"
      }
    },
    "node_modules/@prisma/engines-version": {
      "version": "5.22.0-44.605197351a3c8bdd595af2d2a9bc3025bca48ea2",
      "devOptional": true,
      "license": "Apache-2.0"
    },
    "node_modules/@prisma/fetch-engine": {
      "version": "5.22.0",
      "devOptional": true,
      "license": "Apache-2.0",
      "dependencies": {
        "@prisma/debug": "5.22.0",
        "@prisma/engines-version": "5.22.0-44.605197351a3c8bdd595af2d2a9bc3025bca48ea2",
        "@prisma/get-platform": "5.22.0"
      }
    },
    "node_modules/@prisma/get-platform": {
      "version": "5.22.0",
      "devOptional": true,
      "license": "Apache-2.0",
      "dependencies": {
        "@prisma/debug": "5.22.0"
      }
    },
    "node_modules/@protobufjs/aspromise": {
      "version": "1.1.2",
      "license": "BSD-3-Clause"
    },
    "node_modules/@protobufjs/base64": {
      "version": "1.1.2",
      "license": "BSD-3-Clause"
    },
    "node_modules/@protobufjs/codegen": {
      "version": "2.0.4",
      "license": "BSD-3-Clause"
    },
    "node_modules/@protobufjs/eventemitter": {
      "version": "1.1.0",
      "license": "BSD-3-Clause"
    },
    "node_modules/@protobufjs/fetch": {
      "version": "1.1.0",
      "license": "BSD-3-Clause",
      "dependencies": {
        "@protobufjs/aspromise": "^1.1.1",
        "@protobufjs/inquire": "^1.1.0"
      }
    },
    "node_modules/@protobufjs/float": {
      "version": "1.0.2",
      "license": "BSD-3-Clause"
    },
    "node_modules/@protobufjs/inquire": {
      "version": "1.1.0",
      "license": "BSD-3-Clause"
    },
    "node_modules/@protobufjs/path": {
      "version": "1.1.2",
      "license": "BSD-3-Clause"
    },
    "node_modules/@protobufjs/pool": {
      "version": "1.1.0",
      "license": "BSD-3-Clause"
    },
    "node_modules/@protobufjs/utf8": {
      "version": "1.1.0",
      "license": "BSD-3-Clause"
    },
    "node_modules/@standard-schema/spec": {
      "version": "1.1.0",
      "license": "MIT"
    },
    "node_modules/@tsconfig/node10": {
      "version": "1.0.12",
      "dev": true,
      "license": "MIT"
    },
    "node_modules/@tsconfig/node12": {
      "version": "1.0.11",
      "dev": true,
      "license": "MIT"
    },
    "node_modules/@tsconfig/node14": {
      "version": "1.0.3",
      "dev": true,
      "license": "MIT"
    },
    "node_modules/@tsconfig/node16": {
      "version": "1.0.4",
      "dev": true,
      "license": "MIT"
    },
    "node_modules/@types/bcrypt": {
      "version": "6.0.0",
      "dev": true,
      "license": "MIT",
      "dependencies": {
        "@types/node": "*"
      }
    },
    "node_modules/@types/jsonwebtoken": {
      "version": "9.0.10",
      "dev": true,
      "license": "MIT",
      "dependencies": {
        "@types/ms": "*",
        "@types/node": "*"
      }
    },
    "node_modules/@types/ms": {
      "version": "2.1.0",
      "dev": true,
      "license": "MIT"
    },
    "node_modules/@types/node": {
      "version": "20.19.37",
      "license": "MIT",
      "dependencies": {
        "undici-types": "~6.21.0"
      }
    },
    "node_modules/@types/shimmer": {
      "version": "1.2.0",
      "license": "MIT"
    },
    "node_modules/acorn": {
      "version": "8.16.0",
      "license": "MIT",
      "bin": {
        "acorn": "bin/acorn"
      },
      "engines": {
        "node": ">=0.4.0"
      }
    },
    "node_modules/acorn-import-attributes": {
      "version": "1.9.5",
      "license": "MIT",
      "peerDependencies": {
        "acorn": "^8"
      }
    },
    "node_modules/acorn-walk": {
      "version": "8.3.5",
      "dev": true,
      "license": "MIT",
      "dependencies": {
        "acorn": "^8.11.0"
      },
      "engines": {
        "node": ">=0.4.0"
      }
    },
    "node_modules/arg": {
      "version": "4.1.3",
      "dev": true,
      "license": "MIT"
    },
    "node_modules/balanced-match": {
      "version": "4.0.4",
      "license": "MIT",
      "engines": {
        "node": "18 || 20 || >=22"
      }
    },
    "node_modules/bcrypt": {
      "version": "6.0.0",
      "hasInstallScript": true,
      "license": "MIT",
      "dependencies": {
        "node-addon-api": "^8.3.0",
        "node-gyp-build": "^4.8.4"
      },
      "engines": {
        "node": ">= 18"
      }
    },
    "node_modules/brace-expansion": {
      "version": "5.0.5",
      "license": "MIT",
      "dependencies": {
        "balanced-match": "^4.0.2"
      },
      "engines": {
        "node": "18 || 20 || >=22"
      }
    },
    "node_modules/buffer-equal-constant-time": {
      "version": "1.0.1",
      "license": "BSD-3-Clause"
    },
    "node_modules/cjs-module-lexer": {
      "version": "1.4.3",
      "license": "MIT"
    },
    "node_modules/create-require": {
      "version": "1.1.1",
      "dev": true,
      "license": "MIT"
    },
    "node_modules/debug": {
      "version": "4.4.3",
      "license": "MIT",
      "dependencies": {
        "ms": "^2.1.3"
      },
      "engines": {
        "node": ">=6.0"
      },
      "peerDependenciesMeta": {
        "supports-color": {
          "optional": true
        }
      }
    },
    "node_modules/diff": {
      "version": "4.0.4",
      "dev": true,
      "license": "BSD-3-Clause",
      "engines": {
        "node": ">=0.3.1"
      }
    },
    "node_modules/dotenv": {
      "version": "17.3.1",
      "license": "BSD-2-Clause",
      "engines": {
        "node": ">=12"
      },
      "funding": {
        "url": "https://dotenvx.com"
      }
    },
    "node_modules/ecdsa-sig-formatter": {
      "version": "1.0.11",
      "license": "Apache-2.0",
      "dependencies": {
        "safe-buffer": "^5.0.1"
      }
    },
    "node_modules/esbuild": {
      "version": "0.27.4",
      "hasInstallScript": true,
      "license": "MIT",
      "bin": {
        "esbuild": "bin/esbuild"
      },
      "engines": {
        "node": ">=18"
      },
      "optionalDependencies": {
        "@esbuild/aix-ppc64": "0.27.4",
        "@esbuild/android-arm": "0.27.4",
        "@esbuild/android-arm64": "0.27.4",
        "@esbuild/android-x64": "0.27.4",
        "@esbuild/darwin-arm64": "0.27.4",
        "@esbuild/darwin-x64": "0.27.4",
        "@esbuild/freebsd-arm64": "0.27.4",
        "@esbuild/freebsd-x64": "0.27.4",
        "@esbuild/linux-arm": "0.27.4",
        "@esbuild/linux-arm64": "0.27.4",
        "@esbuild/linux-ia32": "0.27.4",
        "@esbuild/linux-loong64": "0.27.4",
        "@esbuild/linux-mips64el": "0.27.4",
        "@esbuild/linux-ppc64": "0.27.4",
        "@esbuild/linux-riscv64": "0.27.4",
        "@esbuild/linux-s390x": "0.27.4",
        "@esbuild/linux-x64": "0.27.4",
        "@esbuild/netbsd-arm64": "0.27.4",
        "@esbuild/netbsd-x64": "0.27.4",
        "@esbuild/openbsd-arm64": "0.27.4",
        "@esbuild/openbsd-x64": "0.27.4",
        "@esbuild/openharmony-arm64": "0.27.4",
        "@esbuild/sunos-x64": "0.27.4",
        "@esbuild/win32-arm64": "0.27.4",
        "@esbuild/win32-ia32": "0.27.4",
        "@esbuild/win32-x64": "0.27.4"
      }
    },
    "node_modules/fsevents": {
      "version": "2.3.3",
      "resolved": "https://registry.npmjs.org/fsevents/-/fsevents-2.3.3.tgz",
      "integrity": "sha512-5xoDfX+fL7faATnagmWPpbFtwh/R77WmMMqqHGS65C3vvB0YHrgF+B1YmZ3441tMj5n63k0212XNoJwzlhffQw==",
      "hasInstallScript": true,
      "license": "MIT",
      "optional": true,
      "os": [
        "darwin"
      ],
      "engines": {
        "node": "^8.16.0 || ^10.6.0 || >=11.0.0"
      }
    },
    "node_modules/function-bind": {
      "version": "1.1.2",
      "license": "MIT",
      "funding": {
        "url": "https://github.com/sponsors/ljharb"
      }
    },
    "node_modules/glob": {
      "version": "13.0.6",
      "license": "BlueOak-1.0.0",
      "dependencies": {
        "minimatch": "^10.2.2",
        "minipass": "^7.1.3",
        "path-scurry": "^2.0.2"
      },
      "engines": {
        "node": "18 || 20 || >=22"
      },
      "funding": {
        "url": "https://github.com/sponsors/isaacs"
      }
    },
    "node_modules/hasown": {
      "version": "2.0.2",
      "license": "MIT",
      "dependencies": {
        "function-bind": "^1.1.2"
      },
      "engines": {
        "node": ">= 0.4"
      }
    },
    "node_modules/iii-sdk": {
      "version": "0.8.3",
      "license": "Apache-2.0",
      "dependencies": {
        "@opentelemetry/api": "^1.9.0",
        "@opentelemetry/api-logs": "^0.57.0",
        "@opentelemetry/core": "^1.30.0",
        "@opentelemetry/instrumentation": "^0.57.0",
        "@opentelemetry/otlp-transformer": "^0.57.0",
        "@opentelemetry/resources": "^1.30.0",
        "@opentelemetry/sdk-logs": "^0.57.0",
        "@opentelemetry/sdk-metrics": "^1.30.0",
        "@opentelemetry/sdk-trace-base": "^1.30.0",
        "@opentelemetry/sdk-trace-node": "^1.30.0",
        "@opentelemetry/semantic-conventions": "^1.28.0",
        "ws": "^8.18.3"
      }
    },
    "node_modules/iii-sdk/node_modules/@opentelemetry/core": {
      "version": "1.30.1",
      "resolved": "https://registry.npmjs.org/@opentelemetry/core/-/core-1.30.1.tgz",
      "integrity": "sha512-OOCM2C/QIURhJMuKaekP3TRBxBKxG/TWWA0TL2J6nXUtDnuCtccy49LUJF8xPFXMX+0LMcxFpCo8M9cGY1W6rQ==",
      "license": "Apache-2.0",
      "dependencies": {
        "@opentelemetry/semantic-conventions": "1.28.0"
      },
      "engines": {
        "node": ">=14"
      },
      "peerDependencies": {
        "@opentelemetry/api": ">=1.0.0 <1.10.0"
      }
    },
    "node_modules/iii-sdk/node_modules/@opentelemetry/resources": {
      "version": "1.30.1",
      "resolved": "https://registry.npmjs.org/@opentelemetry/resources/-/resources-1.30.1.tgz",
      "integrity": "sha512-5UxZqiAgLYGFjS4s9qm5mBVo433u+dSPUFWVWXmLAD4wB65oMCoXaJP1KJa9DIYYMeHu3z4BZcStG3LC593cWA==",
      "license": "Apache-2.0",
      "dependencies": {
        "@opentelemetry/core": "1.30.1",
        "@opentelemetry/semantic-conventions": "1.28.0"
      },
      "engines": {
        "node": ">=14"
      },
      "peerDependencies": {
        "@opentelemetry/api": ">=1.0.0 <1.10.0"
      }
    },
    "node_modules/iii-sdk/node_modules/@opentelemetry/sdk-metrics": {
      "version": "1.30.1",
      "resolved": "https://registry.npmjs.org/@opentelemetry/sdk-metrics/-/sdk-metrics-1.30.1.tgz",
      "integrity": "sha512-q9zcZ0Okl8jRgmy7eNW3Ku1XSgg3sDLa5evHZpCwjspw7E8Is4K/haRPDJrBcX3YSn/Y7gUvFnByNYEKQNbNog==",
      "license": "Apache-2.0",
      "dependencies": {
        "@opentelemetry/core": "1.30.1",
        "@opentelemetry/resources": "1.30.1"
      },
      "engines": {
        "node": ">=14"
      },
      "peerDependencies": {
        "@opentelemetry/api": ">=1.3.0 <1.10.0"
      }
    },
    "node_modules/iii-sdk/node_modules/@opentelemetry/semantic-conventions": {
      "version": "1.28.0",
      "resolved": "https://registry.npmjs.org/@opentelemetry/semantic-conventions/-/semantic-conventions-1.28.0.tgz",
      "integrity": "sha512-lp4qAiMTD4sNWW4DbKLBkfiMZ4jbAboJIGOQr5DvciMRI494OapieI9qiODpOt0XBr1LjIDy1xAGAnVs5supTA==",
      "license": "Apache-2.0",
      "engines": {
        "node": ">=14"
      }
    },
    "node_modules/import-in-the-middle": {
      "version": "1.15.0",
      "license": "Apache-2.0",
      "dependencies": {
        "acorn": "^8.14.0",
        "acorn-import-attributes": "^1.9.5",
        "cjs-module-lexer": "^1.2.2",
        "module-details-from-path": "^1.0.3"
      }
    },
    "node_modules/is-core-module": {
      "version": "2.16.1",
      "license": "MIT",
      "dependencies": {
        "hasown": "^2.0.2"
      },
      "engines": {
        "node": ">= 0.4"
      },
      "funding": {
        "url": "https://github.com/sponsors/ljharb"
      }
    },
    "node_modules/jsonwebtoken": {
      "version": "9.0.3",
      "license": "MIT",
      "dependencies": {
        "jws": "^4.0.1",
        "lodash.includes": "^4.3.0",
        "lodash.isboolean": "^3.0.3",
        "lodash.isinteger": "^4.0.4",
        "lodash.isnumber": "^3.0.3",
        "lodash.isplainobject": "^4.0.6",
        "lodash.isstring": "^4.0.1",
        "lodash.once": "^4.0.0",
        "ms": "^2.1.1",
        "semver": "^7.5.4"
      },
      "engines": {
        "node": ">=12",
        "npm": ">=6"
      }
    },
    "node_modules/jwa": {
      "version": "2.0.1",
      "license": "MIT",
      "dependencies": {
        "buffer-equal-constant-time": "^1.0.1",
        "ecdsa-sig-formatter": "1.0.11",
        "safe-buffer": "^5.0.1"
      }
    },
    "node_modules/jws": {
      "version": "4.0.1",
      "license": "MIT",
      "dependencies": {
        "jwa": "^2.0.1",
        "safe-buffer": "^5.0.1"
      }
    },
    "node_modules/lodash.includes": {
      "version": "4.3.0",
      "license": "MIT"
    },
    "node_modules/lodash.isboolean": {
      "version": "3.0.3",
      "license": "MIT"
    },
    "node_modules/lodash.isinteger": {
      "version": "4.0.4",
      "license": "MIT"
    },
    "node_modules/lodash.isnumber": {
      "version": "3.0.3",
      "license": "MIT"
    },
    "node_modules/lodash.isplainobject": {
      "version": "4.0.6",
      "license": "MIT"
    },
    "node_modules/lodash.isstring": {
      "version": "4.0.1",
      "license": "MIT"
    },
    "node_modules/lodash.once": {
      "version": "4.1.1",
      "license": "MIT"
    },
    "node_modules/long": {
      "version": "5.3.2",
      "license": "Apache-2.0"
    },
    "node_modules/lru-cache": {
      "version": "11.2.7",
      "license": "BlueOak-1.0.0",
      "engines": {
        "node": "20 || >=22"
      }
    },
    "node_modules/make-error": {
      "version": "1.3.6",
      "dev": true,
      "license": "ISC"
    },
    "node_modules/minimatch": {
      "version": "10.2.4",
      "license": "BlueOak-1.0.0",
      "dependencies": {
        "brace-expansion": "^5.0.2"
      },
      "engines": {
        "node": "18 || 20 || >=22"
      },
      "funding": {
        "url": "https://github.com/sponsors/isaacs"
      }
    },
    "node_modules/minipass": {
      "version": "7.1.3",
      "license": "BlueOak-1.0.0",
      "engines": {
        "node": ">=16 || 14 >=14.17"
      }
    },
    "node_modules/module-details-from-path": {
      "version": "1.0.4",
      "license": "MIT"
    },
    "node_modules/motia": {
      "version": "1.0.3-rc.1",
      "license": "Apache-2.0",
      "dependencies": {
        "@standard-schema/spec": "^1.0.0",
        "dotenv": "^16.5.0",
        "esbuild": "^0.27.0",
        "glob": "^13.0.0",
        "iii-sdk": "0.8.3",
        "json-schema-to-ts": "^3.1.1",
        "uuid": "^13.0.0",
        "zod": "^4.1.13"
      },
      "bin": {
        "motia": "dist/new/cli.mjs",
        "motia-iii": "dist/new/cli.mjs"
      }
    },
    "node_modules/motia/node_modules/@babel/runtime": {
      "version": "7.29.2",
      "resolved": "https://registry.npmjs.org/@babel/runtime/-/runtime-7.29.2.tgz",
      "integrity": "sha512-JiDShH45zKHWyGe4ZNVRrCjBz8Nh9TMmZG1kh4QTK8hCBTWBi8Da+i7s1fJw7/lYpM4ccepSNfqzZ/QvABBi5g==",
      "license": "MIT",
      "engines": {
        "node": ">=6.9.0"
      }
    },
    "node_modules/motia/node_modules/dotenv": {
      "version": "16.6.1",
      "license": "BSD-2-Clause",
      "engines": {
        "node": ">=12"
      },
      "funding": {
        "url": "https://dotenvx.com"
      }
    },
    "node_modules/motia/node_modules/json-schema-to-ts": {
      "version": "3.1.1",
      "resolved": "https://registry.npmjs.org/json-schema-to-ts/-/json-schema-to-ts-3.1.1.tgz",
      "integrity": "sha512-+DWg8jCJG2TEnpy7kOm/7/AxaYoaRbjVB4LFZLySZlWn8exGs3A4OLJR966cVvU26N7X9TWxl+Jsw7dzAqKT6g==",
      "license": "MIT",
      "dependencies": {
        "@babel/runtime": "^7.18.3",
        "ts-algebra": "^2.0.0"
      },
      "engines": {
        "node": ">=16"
      }
    },
    "node_modules/ms": {
      "version": "2.1.3",
      "license": "MIT"
    },
    "node_modules/node-addon-api": {
      "version": "8.7.0",
      "license": "MIT",
      "engines": {
        "node": "^18 || ^20 || >= 21"
      }
    },
    "node_modules/node-gyp-build": {
      "version": "4.8.4",
      "license": "MIT",
      "bin": {
        "node-gyp-build": "bin.js",
        "node-gyp-build-optional": "optional.js",
        "node-gyp-build-test": "build-test.js"
      }
    },
    "node_modules/path-parse": {
      "version": "1.0.7",
      "license": "MIT"
    },
    "node_modules/path-scurry": {
      "version": "2.0.2",
      "license": "BlueOak-1.0.0",
      "dependencies": {
        "lru-cache": "^11.0.0",
        "minipass": "^7.1.2"
      },
      "engines": {
        "node": "18 || 20 || >=22"
      },
      "funding": {
        "url": "https://github.com/sponsors/isaacs"
      }
    },
    "node_modules/prisma": {
      "version": "5.22.0",
      "devOptional": true,
      "hasInstallScript": true,
      "license": "Apache-2.0",
      "dependencies": {
        "@prisma/engines": "5.22.0"
      },
      "bin": {
        "prisma": "build/index.js"
      },
      "engines": {
        "node": ">=16.13"
      },
      "optionalDependencies": {
        "fsevents": "2.3.3"
      }
    },
    "node_modules/protobufjs": {
      "version": "7.5.4",
      "hasInstallScript": true,
      "license": "BSD-3-Clause",
      "dependencies": {
        "@protobufjs/aspromise": "^1.1.2",
        "@protobufjs/base64": "^1.1.2",
        "@protobufjs/codegen": "^2.0.4",
        "@protobufjs/eventemitter": "^1.1.0",
        "@protobufjs/fetch": "^1.1.0",
        "@protobufjs/float": "^1.0.2",
        "@protobufjs/inquire": "^1.1.0",
        "@protobufjs/path": "^1.1.2",
        "@protobufjs/pool": "^1.1.0",
        "@protobufjs/utf8": "^1.1.0",
        "@types/node": ">=13.7.0",
        "long": "^5.0.0"
      },
      "engines": {
        "node": ">=12.0.0"
      }
    },
    "node_modules/require-in-the-middle": {
      "version": "7.5.2",
      "license": "MIT",
      "dependencies": {
        "debug": "^4.3.5",
        "module-details-from-path": "^1.0.3",
        "resolve": "^1.22.8"
      },
      "engines": {
        "node": ">=8.6.0"
      }
    },
    "node_modules/resolve": {
      "version": "1.22.11",
      "license": "MIT",
      "dependencies": {
        "is-core-module": "^2.16.1",
        "path-parse": "^1.0.7",
        "supports-preserve-symlinks-flag": "^1.0.0"
      },
      "bin": {
        "resolve": "bin/resolve"
      },
      "engines": {
        "node": ">= 0.4"
      },
      "funding": {
        "url": "https://github.com/sponsors/ljharb"
      }
    },
    "node_modules/safe-buffer": {
      "version": "5.2.1",
      "funding": [
        {
          "type": "github",
          "url": "https://github.com/sponsors/feross"
        },
        {
          "type": "patreon",
          "url": "https://www.patreon.com/feross"
        },
        {
          "type": "consulting",
          "url": "https://feross.org/support"
        }
      ],
      "license": "MIT"
    },
    "node_modules/semver": {
      "version": "7.7.4",
      "license": "ISC",
      "bin": {
        "semver": "bin/semver.js"
      },
      "engines": {
        "node": ">=10"
      }
    },
    "node_modules/shimmer": {
      "version": "1.2.1",
      "license": "BSD-2-Clause"
    },
    "node_modules/supports-preserve-symlinks-flag": {
      "version": "1.0.0",
      "license": "MIT",
      "engines": {
        "node": ">= 0.4"
      },
      "funding": {
        "url": "https://github.com/sponsors/ljharb"
      }
    },
    "node_modules/ts-algebra": {
      "version": "2.0.0",
      "license": "MIT"
    },
    "node_modules/ts-node": {
      "version": "10.9.2",
      "dev": true,
      "license": "MIT",
      "dependencies": {
        "@cspotcode/source-map-support": "^0.8.0",
        "@tsconfig/node10": "^1.0.7",
        "@tsconfig/node12": "^1.0.7",
        "@tsconfig/node14": "^1.0.0",
        "@tsconfig/node16": "^1.0.2",
        "acorn": "^8.4.1",
        "acorn-walk": "^8.1.1",
        "arg": "^4.1.0",
        "create-require": "^1.1.0",
        "diff": "^4.0.1",
        "make-error": "^1.1.1",
        "v8-compile-cache-lib": "^3.0.1",
        "yn": "3.1.1"
      },
      "bin": {
        "ts-node": "dist/bin.js",
        "ts-node-cwd": "dist/bin-cwd.js",
        "ts-node-esm": "dist/bin-esm.js",
        "ts-node-script": "dist/bin-script.js",
        "ts-node-transpile-only": "dist/bin-transpile.js",
        "ts-script": "dist/bin-script-deprecated.js"
      },
      "peerDependencies": {
        "@swc/core": ">=1.2.50",
        "@swc/wasm": ">=1.2.50",
        "@types/node": "*",
        "typescript": ">=2.7"
      },
      "peerDependenciesMeta": {
        "@swc/core": {
          "optional": true
        },
        "@swc/wasm": {
          "optional": true
        }
      }
    },
    "node_modules/typescript": {
      "version": "5.9.3",
      "resolved": "https://registry.npmjs.org/typescript/-/typescript-5.9.3.tgz",
      "integrity": "sha512-jl1vZzPDinLr9eUt3J/t7V6FgNEw9QjvBPdysz9KfQDD41fQrC2Y4vKQdiaUpFT4bXlb1RHhLpp8wtm6M5TgSw==",
      "dev": true,
      "license": "Apache-2.0",
      "bin": {
        "tsc": "bin/tsc",
        "tsserver": "bin/tsserver"
      },
      "engines": {
        "node": ">=14.17"
      }
    },
    "node_modules/undici-types": {
      "version": "6.21.0",
      "license": "MIT"
    },
    "node_modules/uuid": {
      "version": "13.0.0",
      "funding": [
        "https://github.com/sponsors/broofa",
        "https://github.com/sponsors/ctavan"
      ],
      "license": "MIT",
      "bin": {
        "uuid": "dist-node/bin/uuid"
      }
    },
    "node_modules/v8-compile-cache-lib": {
      "version": "3.0.1",
      "dev": true,
      "license": "MIT"
    },
    "node_modules/ws": {
      "version": "8.20.0",
      "license": "MIT",
      "engines": {
        "node": ">=10.0.0"
      },
      "peerDependencies": {
        "bufferutil": "^4.0.1",
        "utf-8-validate": ">=5.0.2"
      },
      "peerDependenciesMeta": {
        "bufferutil": {
          "optional": true
        },
        "utf-8-validate": {
          "optional": true
        }
      }
    },
    "node_modules/yn": {
      "version": "3.1.1",
      "dev": true,
      "license": "MIT",
      "engines": {
        "node": ">=6"
      }
    },
    "node_modules/zod": {
      "version": "4.3.6",
      "resolved": "https://registry.npmjs.org/zod/-/zod-4.3.6.tgz",
      "integrity": "sha512-rftlrkhHZOcjDwkGlnUtZZkvaPHCsDATp4pGpuOOMDaTdDDXF91wuVDJoWoPsKX/3YPQ5fHuF3STjcYyKr+Qhg==",
      "license": "MIT",
      "funding": {
        "url": "https://github.com/sponsors/colinhacks"
      }
    }
  }
}
